Microsoft Visual Studio Solution File, Format Version 12.00
# Visual Studio Version 17
VisualStudioVersion = 17.5.2.0
MinimumVisualStudioVersion = 10.0.40219.1
Project("{FAE04EC0-301F-11D3-BF4B-00C04F79EFBC}") = "LessonFirst", "LessonFirst.csproj", "{94B065C7-EB10-FAC5-BA3E-41FF9A7C9F38}"
EndProject
Global
	GlobalSection(SolutionConfigurationPlatforms) = preSolution
		Debug|Any CPU = Debug|Any CPU
		Release|Any CPU = Release|Any CPU
	EndGlobalSection
	GlobalSection(ProjectConfigurationPlatforms) = postSolution
		{94B065C7-EB10-FAC5-BA3E-41FF9A7C9F38}.Debug|Any CPU.ActiveCfg = Debug|Any CPU
		{94B065C7-EB10-FAC5-BA3E-41FF9A7C9F38}.Debug|Any CPU.Build.0 = Debug|Any CPU
		{94B065C7-EB10-FAC5-BA3E-41FF9A7C9F38}.Release|Any CPU.ActiveCfg = Release|Any CPU
		{94B065C7-EB10-FAC5-BA3E-41FF9A7C9F38}.Release|Any CPU.Build.0 = Release|Any CPU
	EndGlobalSection
	GlobalSection(SolutionProperties) = preSolution
		HideSolutionNode = FALSE
	EndGlobalSection
	GlobalSection(ExtensibilityGlobals) = postSolution
		SolutionGuid = {FF82EBE9-9A26-4009-B5A5-885416092584}
	EndGlobalSection
EndGlobal
